# This is a Gradle generated file for dependency locking.
# Manual edits can break the build and are not advised.
# This file is expected to be part of source control.
choreo:ChoreoLib-java:2026.0.2=compileClasspath,runtimeClasspath,testCompileClasspath,testRuntimeClasspath
com.ctre.phoenix6.sim:api-cpp-sim:26.1.3=nativeDebug,nativeRelease
com.ctre.phoenix6.sim:simPigeonIMU:26.1.3=nativeDebug,nativeRelease
com.ctre.phoenix6.sim:simProCANcoder:26.1.3=nativeDebug,nativeRelease
com.ctre.phoenix6.sim:simProCANdi:26.1.3=nativeDebug,nativeRelease
com.ctre.phoenix6.sim:simProCANdle:26.1.3=nativeDebug,nativeRelease
com.ctre.phoenix6.sim:simProCANrange:26.1.3=nativeDebug,nativeRelease
com.ctre.phoenix6.sim:simProPigeon2:26.1.3=nativeDebug,nativeRelease
com.ctre.phoenix6.sim:simProTalonFX:26.1.3=nativeDebug,nativeRelease
com.ctre.phoenix6.sim:simProTalonFXS:26.1.3=nativeDebug,nativeRelease
com.ctre.phoenix6.sim:simTalonSRX:26.1.3=nativeDebug,nativeRelease
com.ctre.phoenix6.sim:simVictorSPX:26.1.3=nativeDebug,nativeRelease
com.ctre.phoenix6.sim:tools-sim:26.1.3=nativeDebug,nativeRelease
com.ctre.phoenix6:api-cpp:26.1.3=roborioDebug,roborioRelease
com.ctre.phoenix6:tools:26.1.3=roborioDebug,roborioRelease
com.ctre.phoenix6:wpiapi-java:26.1.3=compileClasspath,runtimeClasspath,testCompileClasspath,testRuntimeClasspath
com.fasterxml.jackson.core:jackson-annotations:2.19.2=compileClasspath,runtimeClasspath,testCompileClasspath,testRuntimeClasspath
com.fasterxml.jackson.core:jackson-core:2.19.2=compileClasspath,runtimeClasspath,testCompileClasspath,testRuntimeClasspath
com.fasterxml.jackson.core:jackson-databind:2.19.2=compileClasspath,runtimeClasspath,testCompileClasspath,testRuntimeClasspath
com.fasterxml.jackson:jackson-bom:2.19.2=compileClasspath,runtimeClasspath,testCompileClasspath,testRuntimeClasspath
com.github.therekrab:autopilot:1.6.1=compileClasspath,runtimeClasspath,testCompileClasspath,testRuntimeClasspath
com.google.code.gson:gson:2.11.0=compileClasspath,runtimeClasspath,testCompileClasspath,testRuntimeClasspath
com.google.errorprone:error_prone_annotations:2.27.0=compileClasspath,runtimeClasspath,testCompileClasspath,testRuntimeClasspath
com.nextinnovation.cyberpower:cyberpower-java:2026.2.2=compileClasspath,runtimeClasspath,testCompileClasspath,testRuntimeClasspath
com.squareup:javapoet:1.13.0=annotationProcessor
edu.wpi.first.apriltag:apriltag-cpp:2026.2.1=nativeDebug,nativeRelease,roborioDebug,roborioRelease
edu.wpi.first.apriltag:apriltag-java:2026.2.1=compileClasspath,runtimeClasspath,testCompileClasspath,testRuntimeClasspath
edu.wpi.first.cameraserver:cameraserver-java:2026.2.1=compileClasspath,runtimeClasspath,testCompileClasspath,testRuntimeClasspath
edu.wpi.first.cscore:cscore-cpp:2026.2.1=nativeDebug,nativeRelease,roborioDebug,roborioRelease
edu.wpi.first.cscore:cscore-java:2026.2.1=compileClasspath,runtimeClasspath,testCompileClasspath,testRuntimeClasspath
edu.wpi.first.epilogue:epilogue-processor-java:2026.2.1=annotationProcessor
edu.wpi.first.epilogue:epilogue-runtime-java:2026.2.1=annotationProcessor,compileClasspath,runtimeClasspath,testCompileClasspath,testRuntimeClasspath
edu.wpi.first.hal:hal-cpp:2026.2.1=nativeDebug,nativeRelease,roborioDebug,roborioRelease
edu.wpi.first.hal:hal-java:2026.2.1=compileClasspath,runtimeClasspath,testCompileClasspath,testRuntimeClasspath
edu.wpi.first.halsim:halsim_ds_socket:2026.2.1=simulationDebug,simulationRelease
edu.wpi.first.halsim:halsim_gui:2026.2.1=simulationDebug,simulationRelease
edu.wpi.first.jdk:roborio-2024:17.0.9u7-3=jrefrcJavafrcjre
edu.wpi.first.ntcore:ntcore-cpp:2026.2.1=nativeDebug,nativeRelease,roborioDebug,roborioRelease
edu.wpi.first.ntcore:ntcore-java:2026.2.1=compileClasspath,runtimeClasspath,testCompileClasspath,testRuntimeClasspath
edu.wpi.first.thirdparty.frc2025.opencv:opencv-cpp:4.10.0-3=nativeDebug,nativeRelease,roborioDebug,roborioRelease
edu.wpi.first.thirdparty.frc2025.opencv:opencv-java:4.10.0-3=compileClasspath,runtimeClasspath,testCompileClasspath,testRuntimeClasspath
edu.wpi.first.tools:DataLogTool:2026.2.1=wpiCppTools
edu.wpi.first.tools:Glass:2026.2.1=wpiCppTools
edu.wpi.first.tools:OutlineViewer:2026.2.1=wpiCppTools
edu.wpi.first.tools:PathWeaver:2026.2.1=wpiTools
edu.wpi.first.tools:RobotBuilder:2026.2.1=wpiTools
edu.wpi.first.tools:Shuffleboard:2026.2.1=wpiTools
edu.wpi.first.tools:SmartDashboard:2026.2.1=wpiTools
edu.wpi.first.tools:SysId:2026.2.1=wpiCppTools
edu.wpi.first.tools:processstarter:2026.2.1=wpiCppTools
edu.wpi.first.tools:roboRIOTeamNumberSetter:2026.2.1=wpiCppTools
edu.wpi.first.tools:wpical:2026.2.1=wpiCppTools
edu.wpi.first.wpilibNewCommands:wpilibNewCommands-java:2026.2.1=compileClasspath,runtimeClasspath,testCompileClasspath,testRuntimeClasspath
edu.wpi.first.wpilibj:wpilibj-java:2026.2.1=compileClasspath,runtimeClasspath,testCompileClasspath,testRuntimeClasspath
edu.wpi.first.wpimath:wpimath-cpp:2026.2.1=nativeDebug,nativeRelease,roborioDebug,roborioRelease
edu.wpi.first.wpimath:wpimath-java:2026.2.1=compileClasspath,runtimeClasspath,testCompileClasspath,testRuntimeClasspath
edu.wpi.first.wpinet:wpinet-cpp:2026.2.1=nativeDebug,nativeRelease,roborioDebug,roborioRelease
edu.wpi.first.wpinet:wpinet-java:2026.2.1=compileClasspath,runtimeClasspath,testCompileClasspath,testRuntimeClasspath
edu.wpi.first.wpiunits:wpiunits-java:2026.2.1=compileClasspath,runtimeClasspath,testCompileClasspath,testRuntimeClasspath
edu.wpi.first.wpiutil:wpiutil-cpp:2026.2.1=nativeDebug,nativeRelease,roborioDebug,roborioRelease
edu.wpi.first.wpiutil:wpiutil-java:2026.2.1=compileClasspath,runtimeClasspath,testCompileClasspath,testRuntimeClasspath
io.javalin:javalin:6.4.0=compileClasspath,runtimeClasspath,testCompileClasspath,testRuntimeClasspath
org.dyn4j:dyn4j:5.0.2=compileClasspath,runtimeClasspath,testCompileClasspath,testRuntimeClasspath
org.eclipse.jetty.toolchain:jetty-jakarta-servlet-api:5.0.2=compileClasspath,runtimeClasspath,testCompileClasspath,testRuntimeClasspath
org.eclipse.jetty.websocket:websocket-core-common:11.0.24=compileClasspath,runtimeClasspath,testCompileClasspath,testRuntimeClasspath
org.eclipse.jetty.websocket:websocket-core-server:11.0.24=compileClasspath,runtimeClasspath,testCompileClasspath,testRuntimeClasspath
org.eclipse.jetty.websocket:websocket-jetty-api:11.0.24=compileClasspath,runtimeClasspath,testCompileClasspath,testRuntimeClasspath
org.eclipse.jetty.websocket:websocket-jetty-common:11.0.24=compileClasspath,runtimeClasspath,testCompileClasspath,testRuntimeClasspath
org.eclipse.jetty.websocket:websocket-jetty-server:11.0.24=compileClasspath,runtimeClasspath,testCompileClasspath,testRuntimeClasspath
org.eclipse.jetty.websocket:websocket-servlet:11.0.24=compileClasspath,runtimeClasspath,testCompileClasspath,testRuntimeClasspath
org.eclipse.jetty:jetty-http:11.0.24=compileClasspath,runtimeClasspath,testCompileClasspath,testRuntimeClasspath
org.eclipse.jetty:jetty-io:11.0.24=compileClasspath,runtimeClasspath,testCompileClasspath,testRuntimeClasspath
org.eclipse.jetty:jetty-security:11.0.24=compileClasspath,runtimeClasspath,testCompileClasspath,testRuntimeClasspath
org.eclipse.jetty:jetty-server:11.0.24=compileClasspath,runtimeClasspath,testCompileClasspath,testRuntimeClasspath
org.eclipse.jetty:jetty-servlet:11.0.24=compileClasspath,runtimeClasspath,testCompileClasspath,testRuntimeClasspath
org.eclipse.jetty:jetty-util:11.0.24=compileClasspath,runtimeClasspath,testCompileClasspath,testRuntimeClasspath
org.eclipse.jetty:jetty-webapp:11.0.24=compileClasspath,runtimeClasspath,testCompileClasspath,testRuntimeClasspath
org.eclipse.jetty:jetty-xml:11.0.24=compileClasspath,runtimeClasspath,testCompileClasspath,testRuntimeClasspath
org.ejml:ejml-cdense:0.44.0=compileClasspath,runtimeClasspath,testCompileClasspath,testRuntimeClasspath
org.ejml:ejml-core:0.44.0=compileClasspath,runtimeClasspath,testCompileClasspath,testRuntimeClasspath
org.ejml:ejml-ddense:0.44.0=compileClasspath,runtimeClasspath,testCompileClasspath,testRuntimeClasspath
org.ejml:ejml-dsparse:0.44.0=compileClasspath,runtimeClasspath,testCompileClasspath,testRuntimeClasspath
org.ejml:ejml-fdense:0.44.0=compileClasspath,runtimeClasspath,testCompileClasspath,testRuntimeClasspath
org.ejml:ejml-fsparse:0.44.0=compileClasspath,runtimeClasspath,testCompileClasspath,testRuntimeClasspath
org.ejml:ejml-simple:0.44.0=compileClasspath,runtimeClasspath,testCompileClasspath,testRuntimeClasspath
org.ejml:ejml-zdense:0.44.0=compileClasspath,runtimeClasspath,testCompileClasspath,testRuntimeClasspath
org.ironmaple:maplesim-java:0.4.0-beta=compileClasspath,runtimeClasspath,testCompileClasspath,testRuntimeClasspath
org.jetbrains.kotlin:kotlin-stdlib-jdk7:1.9.25=compileClasspath,runtimeClasspath,testCompileClasspath,testRuntimeClasspath
org.jetbrains.kotlin:kotlin-stdlib-jdk8:1.9.25=compileClasspath,runtimeClasspath,testCompileClasspath,testRuntimeClasspath
org.jetbrains.kotlin:kotlin-stdlib:1.9.25=compileClasspath,runtimeClasspath,testCompileClasspath,testRuntimeClasspath
org.jetbrains:annotations:13.0=compileClasspath,runtimeClasspath,testCompileClasspath,testRuntimeClasspath
org.littletonrobotics.akit:akit-autolog:26.0.2=annotationProcessor
org.littletonrobotics.akit:akit-java:26.0.2=compileClasspath,runtimeClasspath,testCompileClasspath,testRuntimeClasspath
org.littletonrobotics.akit:akit-wpilibio:26.0.2=nativeDebug,nativeRelease,roborioDebug,roborioRelease
org.photonvision:photonlib-java:v2026.3.4=compileClasspath,runtimeClasspath,testCompileClasspath,testRuntimeClasspath
org.photonvision:photontargeting-cpp:v2026.3.4=nativeDebug,nativeRelease,roborioDebug,roborioRelease
org.photonvision:photontargeting-java:v2026.3.4=compileClasspath,runtimeClasspath,testCompileClasspath,testRuntimeClasspath
org.projectlombok:lombok:1.18.30=annotationProcessor,compileClasspath,lombok,testAnnotationProcessor,testCompileClasspath
org.slf4j:slf4j-api:2.0.16=compileClasspath,runtimeClasspath,testCompileClasspath,testRuntimeClasspath
org.slf4j:slf4j-nop:2.0.16=compileClasspath,runtimeClasspath,testCompileClasspath,testRuntimeClasspath
us.hebi.quickbuf:quickbuf-runtime:1.4=compileClasspath,runtimeClasspath,testCompileClasspath,testRuntimeClasspath
empty=
